<?xml version="1.0" encoding="utf-8"?>
<Project ToolsVersion="4.0" xmlns="http://schemas.microsoft.com/developer/msbuild/2003">
  <ItemGroup>
    <Filter Include="Source Files">
      <UniqueIdentifier>{4FC737F1-C7A5-4376-A066-2A32D752A2FF}</UniqueIdentifier>
      <Extensions>cpp;c;cc;cxx;def;odl;idl;hpj;bat;asm;asmx</Extensions>
    </Filter>
    <Filter Include="Header Files">
      <UniqueIdentifier>{93995380-89BD-4b04-88EB-625FBE52EBFB}</UniqueIdentifier>
      <Extensions>h;hh;hpp;hxx;hm;inl;inc;xsd</Extensions>
    </Filter>
    <Filter Include="Resource Files">
      <UniqueIdentifier>{67DA6AB6-F800-4c08-8B7A-83BB121AAD01}</UniqueIdentifier>
      <Extensions>rc;ico;cur;bmp;dlg;rc2;rct;bin;rgs;gif;jpg;jpeg;jpe;resx;tiff;tif;png;wav;mfcribbon-ms</Extensions>
    </Filter>
  </ItemGroup>
  <ItemGroup>
    <ClCompile Include="main.cpp">
      <Filter>Source Files</Filter>
    </ClCompile>
    <ClCompile Include="MissileSim.cpp">
      <Filter>Source Files</Filter>
    </ClCompile>
    <ClCompile Include="BogackiShampine23.cpp">
      <Filter>Source Files</Filter>
    </ClCompile>
    <ClCompile Include="ExplicitTrapezoidal.cpp">
      <Filter>Source Files</Filter>
    </ClCompile>
    <ClCompile Include="MissileModel.cpp">
      <Filter>Source Files</Filter>
    </ClCompile>
    <ClCompile Include="Parser.cpp">
      <Filter>Source Files</Filter>
    </ClCompile>
    <ClCompile Include="RungeKutta4.cpp">
      <Filter>Source Files</Filter>
    </ClCompile>
    <ClCompile Include="Timer.cpp">
      <Filter>Source Files</Filter>
    </ClCompile>
    <ClCompile Include="ButcherIntegrator.cpp">
      <Filter>Source Files</Filter>
    </ClCompile>
    <ClCompile Include="ButcherTable.cpp">
      <Filter>Source Files</Filter>
    </ClCompile>
    <ClCompile Include="DynamicModel.cpp">
      <Filter>Source Files</Filter>
    </ClCompile>
    <ClCompile Include="RandomNumberGenerator.cpp">
      <Filter>Source Files</Filter>
    </ClCompile>
    <ClCompile Include="ModelState.cpp">
      <Filter>Source Files</Filter>
    </ClCompile>
    <ClCompile Include="Fraction.cpp">
      <Filter>Source Files</Filter>
    </ClCompile>
    <ClCompile Include="ModelList.cpp">
      <Filter>Source Files</Filter>
    </ClCompile>
    <ClCompile Include="SimState.cpp">
      <Filter>Source Files</Filter>
    </ClCompile>
    <ClCompile Include="SimTime.cpp">
      <Filter>Source Files</Filter>
    </ClCompile>
    <ClCompile Include="MissileEOM.cpp">
      <Filter>Source Files</Filter>
    </ClCompile>
    <ClCompile Include="EulerAngles.cpp">
      <Filter>Source Files</Filter>
    </ClCompile>
    <ClCompile Include="MissileMassProps.cpp">
      <Filter>Source Files</Filter>
    </ClCompile>
    <ClCompile Include="IMU.cpp">
      <Filter>Source Files</Filter>
    </ClCompile>
    <ClCompile Include="DataPrinter.cpp">
      <Filter>Source Files</Filter>
    </ClCompile>
    <ClCompile Include="DiscreteModel.cpp">
      <Filter>Source Files</Filter>
    </ClCompile>
    <ClCompile Include="FileObject.cpp">
      <Filter>Source Files</Filter>
    </ClCompile>
    <ClCompile Include="Scheduler.cpp">
      <Filter>Source Files</Filter>
    </ClCompile>
    <ClCompile Include="ExplicitEuler.cpp">
      <Filter>Source Files</Filter>
    </ClCompile>
    <ClCompile Include="LatLongAlt.cpp">
      <Filter>Source Files</Filter>
    </ClCompile>
    <ClCompile Include="Earth.cpp">
      <Filter>Source Files</Filter>
    </ClCompile>
    <ClCompile Include="Gravity84.cpp">
      <Filter>Source Files</Filter>
    </ClCompile>
    <ClCompile Include="Constants.cpp">
      <Filter>Source Files</Filter>
    </ClCompile>
    <ClCompile Include="CoordTransforms.cpp">
      <Filter>Source Files</Filter>
    </ClCompile>
    <ClCompile Include="GPS.cpp">
      <Filter>Source Files</Filter>
    </ClCompile>
  </ItemGroup>
  <ItemGroup>
    <ClInclude Include="MissileSim.hpp">
      <Filter>Header Files</Filter>
    </ClInclude>
    <ClInclude Include="Simulator.hpp">
      <Filter>Header Files</Filter>
    </ClInclude>
    <ClInclude Include="Timer.hpp">
      <Filter>Header Files</Filter>
    </ClInclude>
    <ClInclude Include="RungeKutta4.hpp">
      <Filter>Header Files</Filter>
    </ClInclude>
    <ClInclude Include="ExplicitTrapezoidal.hpp">
      <Filter>Header Files</Filter>
    </ClInclude>
    <ClInclude Include="BogackiShampine23.hpp">
      <Filter>Header Files</Filter>
    </ClInclude>
    <ClInclude Include="ButcherIntegrator.hpp">
      <Filter>Header Files</Filter>
    </ClInclude>
    <ClInclude Include="ButcherTable.hpp">
      <Filter>Header Files</Filter>
    </ClInclude>
    <ClInclude Include="DynamicModel.hpp">
      <Filter>Header Files</Filter>
    </ClInclude>
    <ClInclude Include="PreciseTime.h">
      <Filter>Header Files</Filter>
    </ClInclude>
    <ClInclude Include="SimExceptions.hpp">
      <Filter>Header Files</Filter>
    </ClInclude>
    <ClInclude Include="RandomNumberGenerator.hpp">
      <Filter>Header Files</Filter>
    </ClInclude>
    <ClInclude Include="ModelState.hpp">
      <Filter>Header Files</Filter>
    </ClInclude>
    <ClInclude Include="Fraction.hpp">
      <Filter>Header Files</Filter>
    </ClInclude>
    <ClInclude Include="ModelList.hpp">
      <Filter>Header Files</Filter>
    </ClInclude>
    <ClInclude Include="SimState.hpp">
      <Filter>Header Files</Filter>
    </ClInclude>
    <ClInclude Include="SimTime.hpp">
      <Filter>Header Files</Filter>
    </ClInclude>
    <ClInclude Include="NumericIntegration.hpp">
      <Filter>Header Files</Filter>
    </ClInclude>
    <ClInclude Include="MissileEOM.hpp">
      <Filter>Header Files</Filter>
    </ClInclude>
    <ClInclude Include="EulerAngles.hpp">
      <Filter>Header Files</Filter>
    </ClInclude>
    <ClInclude Include="MissileMassProps.hpp">
      <Filter>Header Files</Filter>
    </ClInclude>
    <ClInclude Include="IMU.hpp">
      <Filter>Header Files</Filter>
    </ClInclude>
    <ClInclude Include="DataPrinter.hpp">
      <Filter>Header Files</Filter>
    </ClInclude>
    <ClInclude Include="DiscreteModel.hpp">
      <Filter>Header Files</Filter>
    </ClInclude>
    <ClInclude Include="FileObject.hpp">
      <Filter>Header Files</Filter>
    </ClInclude>
    <ClInclude Include="Scheduler.hpp">
      <Filter>Header Files</Filter>
    </ClInclude>
    <ClInclude Include="Heap_Impl.hpp">
      <Filter>Header Files</Filter>
    </ClInclude>
    <ClInclude Include="ExplicitEuler.hpp">
      <Filter>Header Files</Filter>
    </ClInclude>
    <ClInclude Include="MassProperties.hpp">
      <Filter>Header Files</Filter>
    </ClInclude>
    <ClInclude Include="EquationsOfMotion.hpp">
      <Filter>Header Files</Filter>
    </ClInclude>
    <ClInclude Include="EquationsOfMotionImpl.hpp">
      <Filter>Header Files</Filter>
    </ClInclude>
    <ClInclude Include="math3d_define.hpp">
      <Filter>Header Files</Filter>
    </ClInclude>
    <ClInclude Include="Quaternion.hpp">
      <Filter>Header Files</Filter>
    </ClInclude>
    <ClInclude Include="LatLongAlt.hpp">
      <Filter>Header Files</Filter>
    </ClInclude>
    <ClInclude Include="Earth.hpp">
      <Filter>Header Files</Filter>
    </ClInclude>
    <ClInclude Include="Gravity84.hpp">
      <Filter>Header Files</Filter>
    </ClInclude>
    <ClInclude Include="Constants.hpp">
      <Filter>Header Files</Filter>
    </ClInclude>
    <ClInclude Include="CoordTransforms.hpp">
      <Filter>Header Files</Filter>
    </ClInclude>
    <ClInclude Include="GPS.hpp">
      <Filter>Header Files</Filter>
    </ClInclude>
    <ClInclude Include="vec3.hpp">
      <Filter>Header Files</Filter>
    </ClInclude>
    <ClInclude Include="Simulator_Impl.hpp">
      <Filter>Header Files</Filter>
    </ClInclude>
  </ItemGroup>
</Project>